
Microsoft Visual Studio Solution File, Format Version 11.00
# Visual Studio 2010
Project("{FAE04EC0-301F-11D3-BF4B-00C04F79EFBC}") = "KontraktSMW", "KontraktSMW\KontraktSMW.csproj", "{494BCEE3-3727-43B6-BDCF-DAE5C66C8F75}"
EndProject
Project("{FAE04EC0-301F-11D3-BF4B-00C04F79EFBC}") = "StatusWnioskowSW", "StatusWnioskowSW\StatusWnioskowSW.csproj", "{1D6BC4D8-45BB-41E8-B1F3-CE45579C85D2}"
EndProject
Project("{FAE04EC0-301F-11D3-BF4B-00C04F79EFBC}") = "RozliczenieAgentowSW", "RozliczenieAgentowSW\RozliczenieAgentowSW.csproj", "{2D97D042-5843-485D-AE9E-D480AFDEC3EA}"
EndProject
Project("{FAE04EC0-301F-11D3-BF4B-00C04F79EFBC}") = "MasterLeasing.Reports", "Reports\MasterLeasing.Reports.csproj", "{D08FFD0F-CCDD-497E-AED6-64D4278C7348}"
EndProject
Project("{FAE04EC0-301F-11D3-BF4B-00C04F79EFBC}") = "MasterLeasing.RaportDziennyTimerJob", "RaportDziennyTimerJob\MasterLeasing.RaportDziennyTimerJob.csproj", "{A8E5A944-3EB7-4A4F-A352-D0A022BFA325}"
EndProject
Global
	GlobalSection(SolutionConfigurationPlatforms) = preSolution
		Debug|Any CPU = Debug|Any CPU
		Debug|Mixed Platforms = Debug|Mixed Platforms
		Debug|x86 = Debug|x86
		Release|Any CPU = Release|Any CPU
		Release|Mixed Platforms = Release|Mixed Platforms
		Release|x86 = Release|x86
	EndGlobalSection
	GlobalSection(ProjectConfigurationPlatforms) = postSolution
		{494BCEE3-3727-43B6-BDCF-DAE5C66C8F75}.Debug|Any CPU.ActiveCfg = Debug|Any CPU
		{494BCEE3-3727-43B6-BDCF-DAE5C66C8F75}.Debug|Any CPU.Build.0 = Debug|Any CPU
		{494BCEE3-3727-43B6-BDCF-DAE5C66C8F75}.Debug|Any CPU.Deploy.0 = Debug|Any CPU
		{494BCEE3-3727-43B6-BDCF-DAE5C66C8F75}.Debug|Mixed Platforms.ActiveCfg = Debug|Any CPU
		{494BCEE3-3727-43B6-BDCF-DAE5C66C8F75}.Debug|x86.ActiveCfg = Debug|Any CPU
		{494BCEE3-3727-43B6-BDCF-DAE5C66C8F75}.Release|Any CPU.ActiveCfg = Release|Any CPU
		{494BCEE3-3727-43B6-BDCF-DAE5C66C8F75}.Release|Any CPU.Build.0 = Release|Any CPU
		{494BCEE3-3727-43B6-BDCF-DAE5C66C8F75}.Release|Any CPU.Deploy.0 = Release|Any CPU
		{494BCEE3-3727-43B6-BDCF-DAE5C66C8F75}.Release|Mixed Platforms.ActiveCfg = Release|Any CPU
		{494BCEE3-3727-43B6-BDCF-DAE5C66C8F75}.Release|x86.ActiveCfg = Release|Any CPU
		{1D6BC4D8-45BB-41E8-B1F3-CE45579C85D2}.Debug|Any CPU.ActiveCfg = Debug|Any CPU
		{1D6BC4D8-45BB-41E8-B1F3-CE45579C85D2}.Debug|Any CPU.Build.0 = Debug|Any CPU
		{1D6BC4D8-45BB-41E8-B1F3-CE45579C85D2}.Debug|Any CPU.Deploy.0 = Debug|Any CPU
		{1D6BC4D8-45BB-41E8-B1F3-CE45579C85D2}.Debug|Mixed Platforms.ActiveCfg = Debug|Any CPU
		{1D6BC4D8-45BB-41E8-B1F3-CE45579C85D2}.Debug|x86.ActiveCfg = Debug|Any CPU
		{1D6BC4D8-45BB-41E8-B1F3-CE45579C85D2}.Release|Any CPU.ActiveCfg = Release|Any CPU
		{1D6BC4D8-45BB-41E8-B1F3-CE45579C85D2}.Release|Any CPU.Build.0 = Release|Any CPU
		{1D6BC4D8-45BB-41E8-B1F3-CE45579C85D2}.Release|Any CPU.Deploy.0 = Release|Any CPU
		{1D6BC4D8-45BB-41E8-B1F3-CE45579C85D2}.Release|Mixed Platforms.ActiveCfg = Release|Any CPU
		{1D6BC4D8-45BB-41E8-B1F3-CE45579C85D2}.Release|x86.ActiveCfg = Release|Any CPU
		{2D97D042-5843-485D-AE9E-D480AFDEC3EA}.Debug|Any CPU.ActiveCfg = Debug|Any CPU
		{2D97D042-5843-485D-AE9E-D480AFDEC3EA}.Debug|Any CPU.Build.0 = Debug|Any CPU
		{2D97D042-5843-485D-AE9E-D480AFDEC3EA}.Debug|Any CPU.Deploy.0 = Debug|Any CPU
		{2D97D042-5843-485D-AE9E-D480AFDEC3EA}.Debug|Mixed Platforms.ActiveCfg = Debug|Any CPU
		{2D97D042-5843-485D-AE9E-D480AFDEC3EA}.Debug|x86.ActiveCfg = Debug|Any CPU
		{2D97D042-5843-485D-AE9E-D480AFDEC3EA}.Release|Any CPU.ActiveCfg = Release|Any CPU
		{2D97D042-5843-485D-AE9E-D480AFDEC3EA}.Release|Any CPU.Build.0 = Release|Any CPU
		{2D97D042-5843-485D-AE9E-D480AFDEC3EA}.Release|Any CPU.Deploy.0 = Release|Any CPU
		{2D97D042-5843-485D-AE9E-D480AFDEC3EA}.Release|Mixed Platforms.ActiveCfg = Release|Any CPU
		{2D97D042-5843-485D-AE9E-D480AFDEC3EA}.Release|x86.ActiveCfg = Release|Any CPU
		{D08FFD0F-CCDD-497E-AED6-64D4278C7348}.Debug|Any CPU.ActiveCfg = Debug|Any CPU
		{D08FFD0F-CCDD-497E-AED6-64D4278C7348}.Debug|Any CPU.Build.0 = Debug|Any CPU
		{D08FFD0F-CCDD-497E-AED6-64D4278C7348}.Debug|Any CPU.Deploy.0 = Debug|Any CPU
		{D08FFD0F-CCDD-497E-AED6-64D4278C7348}.Debug|Mixed Platforms.ActiveCfg = Debug|Any CPU
		{D08FFD0F-CCDD-497E-AED6-64D4278C7348}.Debug|Mixed Platforms.Build.0 = Debug|Any CPU
		{D08FFD0F-CCDD-497E-AED6-64D4278C7348}.Debug|Mixed Platforms.Deploy.0 = Debug|Any CPU
		{D08FFD0F-CCDD-497E-AED6-64D4278C7348}.Debug|x86.ActiveCfg = Debug|Any CPU
		{D08FFD0F-CCDD-497E-AED6-64D4278C7348}.Release|Any CPU.ActiveCfg = Release|Any CPU
		{D08FFD0F-CCDD-497E-AED6-64D4278C7348}.Release|Any CPU.Build.0 = Release|Any CPU
		{D08FFD0F-CCDD-497E-AED6-64D4278C7348}.Release|Any CPU.Deploy.0 = Release|Any CPU
		{D08FFD0F-CCDD-497E-AED6-64D4278C7348}.Release|Mixed Platforms.ActiveCfg = Release|Any CPU
		{D08FFD0F-CCDD-497E-AED6-64D4278C7348}.Release|Mixed Platforms.Build.0 = Release|Any CPU
		{D08FFD0F-CCDD-497E-AED6-64D4278C7348}.Release|Mixed Platforms.Deploy.0 = Release|Any CPU
		{D08FFD0F-CCDD-497E-AED6-64D4278C7348}.Release|x86.ActiveCfg = Release|Any CPU
		{A8E5A944-3EB7-4A4F-A352-D0A022BFA325}.Debug|Any CPU.ActiveCfg = Debug|Any CPU
		{A8E5A944-3EB7-4A4F-A352-D0A022BFA325}.Debug|Any CPU.Build.0 = Debug|Any CPU
		{A8E5A944-3EB7-4A4F-A352-D0A022BFA325}.Debug|Any CPU.Deploy.0 = Debug|Any CPU
		{A8E5A944-3EB7-4A4F-A352-D0A022BFA325}.Debug|Mixed Platforms.ActiveCfg = Debug|Any CPU
		{A8E5A944-3EB7-4A4F-A352-D0A022BFA325}.Debug|Mixed Platforms.Build.0 = Debug|Any CPU
		{A8E5A944-3EB7-4A4F-A352-D0A022BFA325}.Debug|Mixed Platforms.Deploy.0 = Debug|Any CPU
		{A8E5A944-3EB7-4A4F-A352-D0A022BFA325}.Debug|x86.ActiveCfg = Debug|Any CPU
		{A8E5A944-3EB7-4A4F-A352-D0A022BFA325}.Release|Any CPU.ActiveCfg = Release|Any CPU
		{A8E5A944-3EB7-4A4F-A352-D0A022BFA325}.Release|Any CPU.Build.0 = Release|Any CPU
		{A8E5A944-3EB7-4A4F-A352-D0A022BFA325}.Release|Any CPU.Deploy.0 = Release|Any CPU
		{A8E5A944-3EB7-4A4F-A352-D0A022BFA325}.Release|Mixed Platforms.ActiveCfg = Release|Any CPU
		{A8E5A944-3EB7-4A4F-A352-D0A022BFA325}.Release|Mixed Platforms.Build.0 = Release|Any CPU
		{A8E5A944-3EB7-4A4F-A352-D0A022BFA325}.Release|Mixed Platforms.Deploy.0 = Release|Any CPU
		{A8E5A944-3EB7-4A4F-A352-D0A022BFA325}.Release|x86.ActiveCfg = Release|Any CPU
	EndGlobalSection
	GlobalSection(SolutionProperties) = preSolution
		HideSolutionNode = FALSE
	EndGlobalSection
EndGlobal
